
Microsoft Visual Studio Solution File, Format Version 12.00
# Visual Studio Version 16
VisualStudioVersion = 16.0.29306.81
MinimumVisualStudioVersion = 10.0.40219.1
Project("{FAE04EC0-301F-11D3-BF4B-00C04F79EFBC}") = "CSharpExercise1", "CSharpExercise1\CSharpExercise1.csproj", "{C5D26932-2293-4754-BD79-CD548981EFC2}"
EndProject
Global
	GlobalSection(SolutionConfigurationPlatforms) = preSolution
		Debug|Any CPU = Debug|Any CPU
		Release|Any CPU = Release|Any CPU
	EndGlobalSection
	GlobalSection(ProjectConfigurationPlatforms) = postSolution
		{C5D26932-2293-4754-BD79-CD548981EFC2}.Debug|Any CPU.ActiveCfg = Debug|Any CPU
		{C5D26932-2293-4754-BD79-CD548981EFC2}.Debug|Any CPU.Build.0 = Debug|Any CPU
		{C5D26932-2293-4754-BD79-CD548981EFC2}.Release|Any CPU.ActiveCfg = Release|Any CPU
		{C5D26932-2293-4754-BD79-CD548981EFC2}.Release|Any CPU.Build.0 = Release|Any CPU
	EndGlobalSection
	GlobalSection(SolutionProperties) = preSolution
		HideSolutionNode = FALSE
	EndGlobalSection
	GlobalSection(ExtensibilityGlobals) = postSolution
		SolutionGuid = {4871EE35-F972-4B0D-AFCD-5071D92799E2}
	EndGlobalSection
EndGlobal
